
Microsoft Visual Studio Solution File, Format Version 12.00
# Visual Studio Version 17
VisualStudioVersion = 17.9.34728.123
MinimumVisualStudioVersion = 10.0.40219.1
Project("{FAE04EC0-301F-11D3-BF4B-00C04F79EFBC}") = "Pessoa", "Pessoa\Pessoa.csproj", "{7D51A0C4-702A-480F-9FC8-3BA4A5C88493}"
EndProject
Global
	GlobalSection(SolutionConfigurationPlatforms) = preSolution
		Debug|Any CPU = Debug|Any CPU
		Release|Any CPU = Release|Any CPU
	EndGlobalSection
	GlobalSection(ProjectConfigurationPlatforms) = postSolution
		{7D51A0C4-702A-480F-9FC8-3BA4A5C88493}.Debug|Any CPU.ActiveCfg = Debug|Any CPU
		{7D51A0C4-702A-480F-9FC8-3BA4A5C88493}.Debug|Any CPU.Build.0 = Debug|Any CPU
		{7D51A0C4-702A-480F-9FC8-3BA4A5C88493}.Release|Any CPU.ActiveCfg = Release|Any CPU
		{7D51A0C4-702A-480F-9FC8-3BA4A5C88493}.Release|Any CPU.Build.0 = Release|Any CPU
	EndGlobalSection
	GlobalSection(SolutionProperties) = preSolution
		HideSolutionNode = FALSE
	EndGlobalSection
	GlobalSection(ExtensibilityGlobals) = postSolution
		SolutionGuid = {CFE53ABA-D8E6-41B3-BDC9-EBA715BD6525}
	EndGlobalSection
EndGlobal
